
Microsoft Visual Studio Solution File, Format Version 12.00
# Visual Studio Version 17
VisualStudioVersion = 17.3.32929.385
MinimumVisualStudioVersion = 10.0.40219.1
Project("{FAE04EC0-301F-11D3-BF4B-00C04F79EFBC}") = "Muresan_Denis_lab1", "Muresan_Denis_lab1\Muresan_Denis_lab1.csproj", "{9005FA35-0AC7-43C4-8B63-05D1AA7A7C29}"
EndProject
Global
	GlobalSection(SolutionConfigurationPlatforms) = preSolution
		Debug|Any CPU = Debug|Any CPU
		Release|Any CPU = Release|Any CPU
	EndGlobalSection
	GlobalSection(ProjectConfigurationPlatforms) = postSolution
		{9005FA35-0AC7-43C4-8B63-05D1AA7A7C29}.Debug|Any CPU.ActiveCfg = Debug|Any CPU
		{9005FA35-0AC7-43C4-8B63-05D1AA7A7C29}.Debug|Any CPU.Build.0 = Debug|Any CPU
		{9005FA35-0AC7-43C4-8B63-05D1AA7A7C29}.Release|Any CPU.ActiveCfg = Release|Any CPU
		{9005FA35-0AC7-43C4-8B63-05D1AA7A7C29}.Release|Any CPU.Build.0 = Release|Any CPU
	EndGlobalSection
	GlobalSection(SolutionProperties) = preSolution
		HideSolutionNode = FALSE
	EndGlobalSection
	GlobalSection(ExtensibilityGlobals) = postSolution
		SolutionGuid = {68063B42-26E1-4C6A-91F3-75FE9D4FCDB3}
	EndGlobalSection
EndGlobal
